<?xml version="1.0" encoding="UTF-8"?>
<CONFIG>
  <ProjectOptions>
    <Version Value="12"/>
    <General>
      <SessionStorage Value="InProjectDir"/>
      <Title Value="ovotag_testunit"/>
      <ResourceType Value="res"/>
      <UseXPManifest Value="True"/>
      <Icon Value="0"/>
    </General>
    <BuildModes>
      <Item Name="Default" Default="True"/>
    </BuildModes>
    <PublishOptions>
      <Version Value="2"/>
      <UseFileFilters Value="True"/>
    </PublishOptions>
    <RunParams>
      <FormatVersion Value="2"/>
    </RunParams>
    <RequiredPackages>
      <Item>
        <PackageName Value="ovotag"/>
      </Item>
      <Item>
        <PackageName Value="fpcunittestrunner"/>
      </Item>
      <Item>
        <PackageName Value="LCL"/>
      </Item>
      <Item>
        <PackageName Value="FCL"/>
      </Item>
    </RequiredPackages>
    <Units>
      <Unit>
        <Filename Value="ovotag_testunit.lpr"/>
        <IsPartOfProject Value="True"/>
      </Unit>
      <Unit>
        <Filename Value="testreader.pas"/>
        <IsPartOfProject Value="True"/>
      </Unit>
      <Unit>
        <Filename Value="testmp3_v23.pas"/>
        <IsPartOfProject Value="True"/>
      </Unit>
      <Unit>
        <Filename Value="testmp3_v24.pas"/>
        <IsPartOfProject Value="True"/>
      </Unit>
      <Unit>
        <Filename Value="testflac.pas"/>
        <IsPartOfProject Value="True"/>
      </Unit>
      <Unit>
        <Filename Value="testogg.pas"/>
        <IsPartOfProject Value="True"/>
      </Unit>
      <Unit>
        <Filename Value="testmp4.pas"/>
        <IsPartOfProject Value="True"/>
        <UnitName Value="testMp4"/>
      </Unit>
      <Unit>
        <Filename Value="testopus.pas"/>
        <IsPartOfProject Value="True"/>
        <UnitName Value="testOpus"/>
      </Unit>
      <Unit>
        <Filename Value="testmonkey.pas"/>
        <IsPartOfProject Value="True"/>
        <UnitName Value="testMonkey"/>
      </Unit>
      <Unit>
        <Filename Value="testwav.pas"/>
        <IsPartOfProject Value="True"/>
        <UnitName Value="testWav"/>
      </Unit>
      <Unit>
        <Filename Value="testaac.pas"/>
        <IsPartOfProject Value="True"/>
        <UnitName Value="testAAc"/>
      </Unit>
    </Units>
  </ProjectOptions>
  <CompilerOptions>
    <Version Value="11"/>
    <Target>
      <Filename Value="bin/ovotag_testunit"/>
    </Target>
    <SearchPaths>
      <IncludeFiles Value="$(ProjOutDir)"/>
      <UnitOutputDirectory Value="lib/$(TargetCPU)-$(TargetOS)"/>
    </SearchPaths>
    <Linking>
      <Debugging>
        <DebugInfoType Value="dsDwarf3"/>
      </Debugging>
      <Options>
        <Win32>
          <GraphicApplication Value="True"/>
        </Win32>
      </Options>
    </Linking>
  </CompilerOptions>
  <Debugging>
    <Exceptions>
      <Item>
        <Name Value="EAbort"/>
      </Item>
      <Item>
        <Name Value="ECodetoolError"/>
      </Item>
      <Item>
        <Name Value="EFOpenError"/>
      </Item>
      <Item>
        <Name Value="EAssertionFailedError"/>
      </Item>
    </Exceptions>
  </Debugging>
</CONFIG>
